// !$*UTF8*$!
{
	archiveVersion = 1;
	classes = {
	};
	objectVersion = 77;
	objects = {

/* Begin PBXBuildFile section */
		004DEEEC7D467E6460337146 /* ScoringChip.swift in Sources */ = {isa = PBXBuildFile; fileRef = E61D811FBD9AA4232D8FEDC0 /* ScoringChip.swift */; };
		02DFB7B873CC129457E7BD52 /* TeamHalfView.swift in Sources */ = {isa = PBXBuildFile; fileRef = D6A92141B5054941936F0F98 /* TeamHalfView.swift */; };
		0DAB99F7318F43F982EEDBF8 /* OnboardingSlide.swift in Sources */ = {isa = PBXBuildFile; fileRef = 27DBA44697B371CD9FD0015C /* OnboardingSlide.swift */; };
		18C849DDCF373F6AA0FA0523 /* SwipeDrawerView.swift in Sources */ = {isa = PBXBuildFile; fileRef = E8780A8B394976313EB062D6 /* SwipeDrawerView.swift */; };
		195FB46E4A550FD11A147D37 /* GameViewModel.swift in Sources */ = {isa = PBXBuildFile; fileRef = 88220FDDD36D608E518BA6B9 /* GameViewModel.swift */; };
		1E688C1DC870132076D190AA /* MainGameView.swift in Sources */ = {isa = PBXBuildFile; fileRef = 5B2EFCE0FF9BE617C2586627 /* MainGameView.swift */; };
		2550A012B4CC708A3F547689 /* PortraitLayout.swift in Sources */ = {isa = PBXBuildFile; fileRef = B5288EE991E476D3D726E65F /* PortraitLayout.swift */; };
		2EE446047121291D4BC61306 /* SportSelectorSheet.swift in Sources */ = {isa = PBXBuildFile; fileRef = D7B21FCDF64759D6B52EC836 /* SportSelectorSheet.swift */; };
		3BA19687651181CDD94A3F65 /* OnboardingAnimations.swift in Sources */ = {isa = PBXBuildFile; fileRef = F1D9C346EFBE31EDA3DE1CB3 /* OnboardingAnimations.swift */; };
		3DB6D77CDB572C6FE36C9062 /* SettingsManager.swift in Sources */ = {isa = PBXBuildFile; fileRef = ACF80520DCDFCD1698601F0A /* SettingsManager.swift */; };
		43DED9B1AFE82FE25E073588 /* BasketballTeamHalfView.swift in Sources */ = {isa = PBXBuildFile; fileRef = 671252FE7F5582418B34369A /* BasketballTeamHalfView.swift */; };
		45997C08F11363B124276DC5 /* GoogleMobileAds in Frameworks */ = {isa = PBXBuildFile; productRef = 37535EDC79F4B4CD8687D46B /* GoogleMobileAds */; };
		50BE1A3D19B38C9F5D37B943 /* FootballTeamHalfView.swift in Sources */ = {isa = PBXBuildFile; fileRef = 837AFDE9389763C31A08B08E /* FootballTeamHalfView.swift */; };
		5198ADFF9A327C8C1AB54E8B /* GameSession.swift in Sources */ = {isa = PBXBuildFile; fileRef = 6ACB2CDA46BEAC723076BCDF /* GameSession.swift */; };
		5ECAD183F8813E66F45CE2DA /* AdsManager.swift in Sources */ = {isa = PBXBuildFile; fileRef = F867F1519E5CB77C122D5A8D /* AdsManager.swift */; };
		5FBC3133A7BD207DB99B45E2 /* SetCompleteButton.swift in Sources */ = {isa = PBXBuildFile; fileRef = 99448EBBDEA88F6E4A57E0D8 /* SetCompleteButton.swift */; };
		691389616BC513B0308A3FE4 /* SettingsSheet.swift in Sources */ = {isa = PBXBuildFile; fileRef = 29E182A1B8B15ED5A5A1A071 /* SettingsSheet.swift */; };
		715A5205F517E72073D24A49 /* OnboardingView.swift in Sources */ = {isa = PBXBuildFile; fileRef = 0B15989557F6EC88647E90CE /* OnboardingView.swift */; };
		830AF7FB4FA6555B4058C0C2 /* BannerAdView.swift in Sources */ = {isa = PBXBuildFile; fileRef = 76F1C286958F75E7AA80B1B5 /* BannerAdView.swift */; };
		8946F455E719398399E959C4 /* Assets.xcassets in Resources */ = {isa = PBXBuildFile; fileRef = B34AC238806C0C4F262ACE64 /* Assets.xcassets */; };
		8DBBEF026EDFFC33825082DC /* digital-7 (mono).ttf in Resources */ = {isa = PBXBuildFile; fileRef = 6AE2B520F1DD395E391B8E10 /* digital-7 (mono).ttf */; };
		9178C0D02FEFD073BEE1D2CE /* FingerTipView.swift in Sources */ = {isa = PBXBuildFile; fileRef = D78B36168D970A76AD6CC579 /* FingerTipView.swift */; };
		935B16927D1D597C39F304D8 /* digital-7.ttf in Resources */ = {isa = PBXBuildFile; fileRef = E7E48FDEF3B52E4D8460A9B1 /* digital-7.ttf */; };
		95E4F9605031DC8F95CC0A51 /* SportIconView.swift in Sources */ = {isa = PBXBuildFile; fileRef = 3FE6D8AD487EA49B19984B6C /* SportIconView.swift */; };
		9637D94C793712567602D47F /* ResetButton.swift in Sources */ = {isa = PBXBuildFile; fileRef = 88371F979A13B3B212627482 /* ResetButton.swift */; };
		A031A0479BE90C9B6FA1F512 /* Extensions.swift in Sources */ = {isa = PBXBuildFile; fileRef = D325FE6219EC3326F4D1354B /* Extensions.swift */; };
		A23D23021ED9EEAFDBF809FF /* LandscapeLayout.swift in Sources */ = {isa = PBXBuildFile; fileRef = 9EB03C32C17C5CC9C4A2AF0F /* LandscapeLayout.swift */; };
		ACBA7781ADF6644614A263BB /* ThemeSwatch.swift in Sources */ = {isa = PBXBuildFile; fileRef = 1EC46D3C3960A35172936FDF /* ThemeSwatch.swift */; };
		BD7170D7B3BE5F2700543E49 /* GameViewModelTests.swift in Sources */ = {isa = PBXBuildFile; fileRef = EDBEBF255BAC2F0B6A8306A9 /* GameViewModelTests.swift */; };
		C9453AC2E5DC3C9F2FB4DC11 /* ScoreKeepApp.swift in Sources */ = {isa = PBXBuildFile; fileRef = 0C95C1BB6706C2C8FFE82DAE /* ScoreKeepApp.swift */; };
		D34A90581B30DAD31953DE64 /* ActiveGame.swift in Sources */ = {isa = PBXBuildFile; fileRef = 5A52F7B9ED6F8418B76AB559 /* ActiveGame.swift */; };
		D39B85A3658081D250990CD0 /* Sport.swift in Sources */ = {isa = PBXBuildFile; fileRef = 3E903809003EC65459475774 /* Sport.swift */; };
		D5D6BBBB187C4818F8B707F3 /* StoreKitManager.swift in Sources */ = {isa = PBXBuildFile; fileRef = 678825AD68BF4FC0D4565008 /* StoreKitManager.swift */; };
		E009BB02FD7D369DEAE45ADF /* UndoToastView.swift in Sources */ = {isa = PBXBuildFile; fileRef = 336828ED5E567C498BEF6014 /* UndoToastView.swift */; };
		EA40BF3415E83BB90D8EDCE8 /* TeamNameEditSheet.swift in Sources */ = {isa = PBXBuildFile; fileRef = F23A6F8D163AD0D55B0ED31C /* TeamNameEditSheet.swift */; };
		EDB660B3A6A8F48DE627B84D /* TimerManager.swift in Sources */ = {isa = PBXBuildFile; fileRef = CFB7A2AAC6D4D25D2DE05DDD /* TimerManager.swift */; };
		F59344317AAB7FDFE7A3990E /* HistoryView.swift in Sources */ = {isa = PBXBuildFile; fileRef = 95D45AE9AAFFAD71538476B7 /* HistoryView.swift */; };
		FC57D2F70B0EE190D870FDC9 /* PersistenceService.swift in Sources */ = {isa = PBXBuildFile; fileRef = A61F911895DC8D101D07E822 /* PersistenceService.swift */; };
/* End PBXBuildFile section */

/* Begin PBXContainerItemProxy section */
		92D1C85D84C8485B059CE566 /* PBXContainerItemProxy */ = {
			isa = PBXContainerItemProxy;
			containerPortal = BAAB4C907EA7D639A0BFA644 /* Project object */;
			proxyType = 1;
			remoteGlobalIDString = 888530F20E9841158E86D593;
			remoteInfo = ScoreKeep;
		};
/* End PBXContainerItemProxy section */

/* Begin PBXFileReference section */
		03E25A65A41DA4D085FF8F33 /* ScoreKeepTests.xctest */ = {isa = PBXFileReference; includeInIndex = 0; lastKnownFileType = wrapper.cfbundle; path = ScoreKeepTests.xctest; sourceTree = BUILT_PRODUCTS_DIR; };
		0B15989557F6EC88647E90CE /* OnboardingView.swift */ = {isa = PBXFileReference; lastKnownFileType = sourcecode.swift; path = OnboardingView.swift; sourceTree = "<group>"; };
		0C95C1BB6706C2C8FFE82DAE /* ScoreKeepApp.swift */ = {isa = PBXFileReference; lastKnownFileType = sourcecode.swift; path = ScoreKeepApp.swift; sourceTree = "<group>"; };
		1EC46D3C3960A35172936FDF /* ThemeSwatch.swift */ = {isa = PBXFileReference; lastKnownFileType = sourcecode.swift; path = ThemeSwatch.swift; sourceTree = "<group>"; };
		27DBA44697B371CD9FD0015C /* OnboardingSlide.swift */ = {isa = PBXFileReference; lastKnownFileType = sourcecode.swift; path = OnboardingSlide.swift; sourceTree = "<group>"; };
		29E182A1B8B15ED5A5A1A071 /* SettingsSheet.swift */ = {isa = PBXFileReference; lastKnownFileType = sourcecode.swift; path = SettingsSheet.swift; sourceTree = "<group>"; };
		336828ED5E567C498BEF6014 /* UndoToastView.swift */ = {isa = PBXFileReference; lastKnownFileType = sourcecode.swift; path = UndoToastView.swift; sourceTree = "<group>"; };
		3E903809003EC65459475774 /* Sport.swift */ = {isa = PBXFileReference; lastKnownFileType = sourcecode.swift; path = Sport.swift; sourceTree = "<group>"; };
		3FE6D8AD487EA49B19984B6C /* SportIconView.swift */ = {isa = PBXFileReference; lastKnownFileType = sourcecode.swift; path = SportIconView.swift; sourceTree = "<group>"; };
		450E84D79BD76EFE2C255049 /* ScoreKeep.app */ = {isa = PBXFileReference; includeInIndex = 0; lastKnownFileType = wrapper.application; path = ScoreKeep.app; sourceTree = BUILT_PRODUCTS_DIR; };
		5A52F7B9ED6F8418B76AB559 /* ActiveGame.swift */ = {isa = PBXFileReference; lastKnownFileType = sourcecode.swift; path = ActiveGame.swift; sourceTree = "<group>"; };
		5B2EFCE0FF9BE617C2586627 /* MainGameView.swift */ = {isa = PBXFileReference; lastKnownFileType = sourcecode.swift; path = MainGameView.swift; sourceTree = "<group>"; };
		671252FE7F5582418B34369A /* BasketballTeamHalfView.swift */ = {isa = PBXFileReference; lastKnownFileType = sourcecode.swift; path = BasketballTeamHalfView.swift; sourceTree = "<group>"; };
		678825AD68BF4FC0D4565008 /* StoreKitManager.swift */ = {isa = PBXFileReference; lastKnownFileType = sourcecode.swift; path = StoreKitManager.swift; sourceTree = "<group>"; };
		6ACB2CDA46BEAC723076BCDF /* GameSession.swift */ = {isa = PBXFileReference; lastKnownFileType = sourcecode.swift; path = GameSession.swift; sourceTree = "<group>"; };
		6AE2B520F1DD395E391B8E10 /* digital-7 (mono).ttf */ = {isa = PBXFileReference; lastKnownFileType = file; path = "digital-7 (mono).ttf"; sourceTree = "<group>"; };
		76F1C286958F75E7AA80B1B5 /* BannerAdView.swift */ = {isa = PBXFileReference; lastKnownFileType = sourcecode.swift; path = BannerAdView.swift; sourceTree = "<group>"; };
		837AFDE9389763C31A08B08E /* FootballTeamHalfView.swift */ = {isa = PBXFileReference; lastKnownFileType = sourcecode.swift; path = FootballTeamHalfView.swift; sourceTree = "<group>"; };
		88220FDDD36D608E518BA6B9 /* GameViewModel.swift */ = {isa = PBXFileReference; lastKnownFileType = sourcecode.swift; path = GameViewModel.swift; sourceTree = "<group>"; };
		88371F979A13B3B212627482 /* ResetButton.swift */ = {isa = PBXFileReference; lastKnownFileType = sourcecode.swift; path = ResetButton.swift; sourceTree = "<group>"; };
		95D45AE9AAFFAD71538476B7 /* HistoryView.swift */ = {isa = PBXFileReference; lastKnownFileType = sourcecode.swift; path = HistoryView.swift; sourceTree = "<group>"; };
		99448EBBDEA88F6E4A57E0D8 /* SetCompleteButton.swift */ = {isa = PBXFileReference; lastKnownFileType = sourcecode.swift; path = SetCompleteButton.swift; sourceTree = "<group>"; };
		9EB03C32C17C5CC9C4A2AF0F /* LandscapeLayout.swift */ = {isa = PBXFileReference; lastKnownFileType = sourcecode.swift; path = LandscapeLayout.swift; sourceTree = "<group>"; };
		A61F911895DC8D101D07E822 /* PersistenceService.swift */ = {isa = PBXFileReference; lastKnownFileType = sourcecode.swift; path = PersistenceService.swift; sourceTree = "<group>"; };
		ACF80520DCDFCD1698601F0A /* SettingsManager.swift */ = {isa = PBXFileReference; lastKnownFileType = sourcecode.swift; path = SettingsManager.swift; sourceTree = "<group>"; };
		B34AC238806C0C4F262ACE64 /* Assets.xcassets */ = {isa = PBXFileReference; lastKnownFileType = folder.assetcatalog; path = Assets.xcassets; sourceTree = "<group>"; };
		B5288EE991E476D3D726E65F /* PortraitLayout.swift */ = {isa = PBXFileReference; lastKnownFileType = sourcecode.swift; path = PortraitLayout.swift; sourceTree = "<group>"; };
		CFB7A2AAC6D4D25D2DE05DDD /* TimerManager.swift */ = {isa = PBXFileReference; lastKnownFileType = sourcecode.swift; path = TimerManager.swift; sourceTree = "<group>"; };
		D325FE6219EC3326F4D1354B /* Extensions.swift */ = {isa = PBXFileReference; lastKnownFileType = sourcecode.swift; path = Extensions.swift; sourceTree = "<group>"; };
		D6A92141B5054941936F0F98 /* TeamHalfView.swift */ = {isa = PBXFileReference; lastKnownFileType = sourcecode.swift; path = TeamHalfView.swift; sourceTree = "<group>"; };
		D78B36168D970A76AD6CC579 /* FingerTipView.swift */ = {isa = PBXFileReference; lastKnownFileType = sourcecode.swift; path = FingerTipView.swift; sourceTree = "<group>"; };
		D7B21FCDF64759D6B52EC836 /* SportSelectorSheet.swift */ = {isa = PBXFileReference; lastKnownFileType = sourcecode.swift; path = SportSelectorSheet.swift; sourceTree = "<group>"; };
		E61D811FBD9AA4232D8FEDC0 /* ScoringChip.swift */ = {isa = PBXFileReference; lastKnownFileType = sourcecode.swift; path = ScoringChip.swift; sourceTree = "<group>"; };
		E7E48FDEF3B52E4D8460A9B1 /* digital-7.ttf */ = {isa = PBXFileReference; lastKnownFileType = file; path = "digital-7.ttf"; sourceTree = "<group>"; };
		E8780A8B394976313EB062D6 /* SwipeDrawerView.swift */ = {isa = PBXFileReference; lastKnownFileType = sourcecode.swift; path = SwipeDrawerView.swift; sourceTree = "<group>"; };
		EDBEBF255BAC2F0B6A8306A9 /* GameViewModelTests.swift */ = {isa = PBXFileReference; lastKnownFileType = sourcecode.swift; path = GameViewModelTests.swift; sourceTree = "<group>"; };
		F1D9C346EFBE31EDA3DE1CB3 /* OnboardingAnimations.swift */ = {isa = PBXFileReference; lastKnownFileType = sourcecode.swift; path = OnboardingAnimations.swift; sourceTree = "<group>"; };
		F23A6F8D163AD0D55B0ED31C /* TeamNameEditSheet.swift */ = {isa = PBXFileReference; lastKnownFileType = sourcecode.swift; path = TeamNameEditSheet.swift; sourceTree = "<group>"; };
		F50919D961C3089F00CA8C62 /* Info.plist */ = {isa = PBXFileReference; lastKnownFileType = text.plist; path = Info.plist; sourceTree = "<group>"; };
		F867F1519E5CB77C122D5A8D /* AdsManager.swift */ = {isa = PBXFileReference; lastKnownFileType = sourcecode.swift; path = AdsManager.swift; sourceTree = "<group>"; };
/* End PBXFileReference section */

/* Begin PBXFrameworksBuildPhase section */
		A2E7FE0A736A8AC6B199E45F /* Frameworks */ = {
			isa = PBXFrameworksBuildPhase;
			buildActionMask = 2147483647;
			files = (
				45997C08F11363B124276DC5 /* GoogleMobileAds in Frameworks */,
			);
			runOnlyForDeploymentPostprocessing = 0;
		};
/* End PBXFrameworksBuildPhase section */

/* Begin PBXGroup section */
		1AD86DF6C3122EA2A6B0027A /* ScoreKeepTests */ = {
			isa = PBXGroup;
			children = (
				EDBEBF255BAC2F0B6A8306A9 /* GameViewModelTests.swift */,
			);
			path = ScoreKeepTests;
			sourceTree = "<group>";
		};
		2126476BC2712080793CACA7 /* Products */ = {
			isa = PBXGroup;
			children = (
				450E84D79BD76EFE2C255049 /* ScoreKeep.app */,
				03E25A65A41DA4D085FF8F33 /* ScoreKeepTests.xctest */,
			);
			name = Products;
			sourceTree = "<group>";
		};
		47F9366453732A33DF32AC8B /* Services */ = {
			isa = PBXGroup;
			children = (
				F867F1519E5CB77C122D5A8D /* AdsManager.swift */,
				A61F911895DC8D101D07E822 /* PersistenceService.swift */,
				ACF80520DCDFCD1698601F0A /* SettingsManager.swift */,
				678825AD68BF4FC0D4565008 /* StoreKitManager.swift */,
				CFB7A2AAC6D4D25D2DE05DDD /* TimerManager.swift */,
			);
			path = Services;
			sourceTree = "<group>";
		};
		7042AA7C13C7E9A892EF005F /* Resources */ = {
			isa = PBXGroup;
			children = (
				B34AC238806C0C4F262ACE64 /* Assets.xcassets */,
				B250F2843311EBA2B193B5FD /* Fonts */,
			);
			path = Resources;
			sourceTree = "<group>";
		};
		726233E407D15D59D555071A /* Views */ = {
			isa = PBXGroup;
			children = (
				76F1C286958F75E7AA80B1B5 /* BannerAdView.swift */,
				671252FE7F5582418B34369A /* BasketballTeamHalfView.swift */,
				D325FE6219EC3326F4D1354B /* Extensions.swift */,
				D78B36168D970A76AD6CC579 /* FingerTipView.swift */,
				837AFDE9389763C31A08B08E /* FootballTeamHalfView.swift */,
				95D45AE9AAFFAD71538476B7 /* HistoryView.swift */,
				9EB03C32C17C5CC9C4A2AF0F /* LandscapeLayout.swift */,
				5B2EFCE0FF9BE617C2586627 /* MainGameView.swift */,
				F1D9C346EFBE31EDA3DE1CB3 /* OnboardingAnimations.swift */,
				27DBA44697B371CD9FD0015C /* OnboardingSlide.swift */,
				0B15989557F6EC88647E90CE /* OnboardingView.swift */,
				B5288EE991E476D3D726E65F /* PortraitLayout.swift */,
				88371F979A13B3B212627482 /* ResetButton.swift */,
				E61D811FBD9AA4232D8FEDC0 /* ScoringChip.swift */,
				99448EBBDEA88F6E4A57E0D8 /* SetCompleteButton.swift */,
				29E182A1B8B15ED5A5A1A071 /* SettingsSheet.swift */,
				3FE6D8AD487EA49B19984B6C /* SportIconView.swift */,
				D7B21FCDF64759D6B52EC836 /* SportSelectorSheet.swift */,
				E8780A8B394976313EB062D6 /* SwipeDrawerView.swift */,
				D6A92141B5054941936F0F98 /* TeamHalfView.swift */,
				F23A6F8D163AD0D55B0ED31C /* TeamNameEditSheet.swift */,
				1EC46D3C3960A35172936FDF /* ThemeSwatch.swift */,
				336828ED5E567C498BEF6014 /* UndoToastView.swift */,
			);
			path = Views;
			sourceTree = "<group>";
		};
		8E38F7490D28FFF40275B87F /* ViewModels */ = {
			isa = PBXGroup;
			children = (
				88220FDDD36D608E518BA6B9 /* GameViewModel.swift */,
			);
			path = ViewModels;
			sourceTree = "<group>";
		};
		A3C6422ED22071CB336104CE = {
			isa = PBXGroup;
			children = (
				C21B08FCFB7C080F692E3628 /* ScoreKeep */,
				1AD86DF6C3122EA2A6B0027A /* ScoreKeepTests */,
				2126476BC2712080793CACA7 /* Products */,
			);
			sourceTree = "<group>";
		};
		B250F2843311EBA2B193B5FD /* Fonts */ = {
			isa = PBXGroup;
			children = (
				6AE2B520F1DD395E391B8E10 /* digital-7 (mono).ttf */,
				E7E48FDEF3B52E4D8460A9B1 /* digital-7.ttf */,
			);
			path = Fonts;
			sourceTree = "<group>";
		};
		C21B08FCFB7C080F692E3628 /* ScoreKeep */ = {
			isa = PBXGroup;
			children = (
				F50919D961C3089F00CA8C62 /* Info.plist */,
				0C95C1BB6706C2C8FFE82DAE /* ScoreKeepApp.swift */,
				D00C7BB874E776FD429F2662 /* Models */,
				7042AA7C13C7E9A892EF005F /* Resources */,
				47F9366453732A33DF32AC8B /* Services */,
				8E38F7490D28FFF40275B87F /* ViewModels */,
				726233E407D15D59D555071A /* Views */,
			);
			path = ScoreKeep;
			sourceTree = "<group>";
		};
		D00C7BB874E776FD429F2662 /* Models */ = {
			isa = PBXGroup;
			children = (
				5A52F7B9ED6F8418B76AB559 /* ActiveGame.swift */,
				6ACB2CDA46BEAC723076BCDF /* GameSession.swift */,
				3E903809003EC65459475774 /* Sport.swift */,
			);
			path = Models;
			sourceTree = "<group>";
		};
/* End PBXGroup section */

/* Begin PBXNativeTarget section */
		888530F20E9841158E86D593 /* ScoreKeep */ = {
			isa = PBXNativeTarget;
			buildConfigurationList = BEC918901CC985D2561AD60A /* Build configuration list for PBXNativeTarget "ScoreKeep" */;
			buildPhases = (
				D006F8B986B478146BDEE6C5 /* Sources */,
				F645C23D569AD3C1F67323ED /* Resources */,
				A2E7FE0A736A8AC6B199E45F /* Frameworks */,
			);
			buildRules = (
			);
			dependencies = (
			);
			name = ScoreKeep;
			packageProductDependencies = (
				37535EDC79F4B4CD8687D46B /* GoogleMobileAds */,
			);
			productName = ScoreKeep;
			productReference = 450E84D79BD76EFE2C255049 /* ScoreKeep.app */;
			productType = "com.apple.product-type.application";
		};
		F10420F46B5CB19D3D907616 /* ScoreKeepTests */ = {
			isa = PBXNativeTarget;
			buildConfigurationList = D60BDE6D6EE4D2C80AC96AFE /* Build configuration list for PBXNativeTarget "ScoreKeepTests" */;
			buildPhases = (
				81B56C0DE547436009FBEB8A /* Sources */,
			);
			buildRules = (
			);
			dependencies = (
				63A418ACBD09658A5401D4C6 /* PBXTargetDependency */,
			);
			name = ScoreKeepTests;
			packageProductDependencies = (
			);
			productName = ScoreKeepTests;
			productReference = 03E25A65A41DA4D085FF8F33 /* ScoreKeepTests.xctest */;
			productType = "com.apple.product-type.bundle.unit-test";
		};
/* End PBXNativeTarget section */

/* Begin PBXProject section */
		BAAB4C907EA7D639A0BFA644 /* Project object */ = {
			isa = PBXProject;
			attributes = {
				BuildIndependentTargetsInParallel = YES;
				LastUpgradeCheck = 1500;
				TargetAttributes = {
					888530F20E9841158E86D593 = {
						ProvisioningStyle = Automatic;
					};
				};
			};
			buildConfigurationList = E9124FD794AFAA2BCEAAE3E4 /* Build configuration list for PBXProject "ScoreKeep" */;
			compatibilityVersion = "Xcode 14.0";
			developmentRegion = en;
			hasScannedForEncodings = 0;
			knownRegions = (
				Base,
				en,
			);
			mainGroup = A3C6422ED22071CB336104CE;
			minimizedProjectReferenceProxies = 1;
			packageReferences = (
				D91D8118C3F60F72E652B0C5 /* XCRemoteSwiftPackageReference "swift-package-manager-google-mobile-ads" */,
			);
			preferredProjectObjectVersion = 77;
			projectDirPath = "";
			projectRoot = "";
			targets = (
				888530F20E9841158E86D593 /* ScoreKeep */,
				F10420F46B5CB19D3D907616 /* ScoreKeepTests */,
			);
		};
/* End PBXProject section */

/* Begin PBXResourcesBuildPhase section */
		F645C23D569AD3C1F67323ED /* Resources */ = {
			isa = PBXResourcesBuildPhase;
			buildActionMask = 2147483647;
			files = (
				8946F455E719398399E959C4 /* Assets.xcassets in Resources */,
				8DBBEF026EDFFC33825082DC /* digital-7 (mono).ttf in Resources */,
				935B16927D1D597C39F304D8 /* digital-7.ttf in Resources */,
			);
			runOnlyForDeploymentPostprocessing = 0;
		};
/* End PBXResourcesBuildPhase section */

/* Begin PBXSourcesBuildPhase section */
		81B56C0DE547436009FBEB8A /* Sources */ = {
			isa = PBXSourcesBuildPhase;
			buildActionMask = 2147483647;
			files = (
				BD7170D7B3BE5F2700543E49 /* GameViewModelTests.swift in Sources */,
			);
			runOnlyForDeploymentPostprocessing = 0;
		};
		D006F8B986B478146BDEE6C5 /* Sources */ = {
			isa = PBXSourcesBuildPhase;
			buildActionMask = 2147483647;
			files = (
				D34A90581B30DAD31953DE64 /* ActiveGame.swift in Sources */,
				5ECAD183F8813E66F45CE2DA /* AdsManager.swift in Sources */,
				830AF7FB4FA6555B4058C0C2 /* BannerAdView.swift in Sources */,
				43DED9B1AFE82FE25E073588 /* BasketballTeamHalfView.swift in Sources */,
				A031A0479BE90C9B6FA1F512 /* Extensions.swift in Sources */,
				9178C0D02FEFD073BEE1D2CE /* FingerTipView.swift in Sources */,
				50BE1A3D19B38C9F5D37B943 /* FootballTeamHalfView.swift in Sources */,
				5198ADFF9A327C8C1AB54E8B /* GameSession.swift in Sources */,
				195FB46E4A550FD11A147D37 /* GameViewModel.swift in Sources */,
				F59344317AAB7FDFE7A3990E /* HistoryView.swift in Sources */,
				A23D23021ED9EEAFDBF809FF /* LandscapeLayout.swift in Sources */,
				1E688C1DC870132076D190AA /* MainGameView.swift in Sources */,
				3BA19687651181CDD94A3F65 /* OnboardingAnimations.swift in Sources */,
				0DAB99F7318F43F982EEDBF8 /* OnboardingSlide.swift in Sources */,
				715A5205F517E72073D24A49 /* OnboardingView.swift in Sources */,
				FC57D2F70B0EE190D870FDC9 /* PersistenceService.swift in Sources */,
				2550A012B4CC708A3F547689 /* PortraitLayout.swift in Sources */,
				9637D94C793712567602D47F /* ResetButton.swift in Sources */,
				C9453AC2E5DC3C9F2FB4DC11 /* ScoreKeepApp.swift in Sources */,
				004DEEEC7D467E6460337146 /* ScoringChip.swift in Sources */,
				5FBC3133A7BD207DB99B45E2 /* SetCompleteButton.swift in Sources */,
				3DB6D77CDB572C6FE36C9062 /* SettingsManager.swift in Sources */,
				691389616BC513B0308A3FE4 /* SettingsSheet.swift in Sources */,
				D39B85A3658081D250990CD0 /* Sport.swift in Sources */,
				95E4F9605031DC8F95CC0A51 /* SportIconView.swift in Sources */,
				2EE446047121291D4BC61306 /* SportSelectorSheet.swift in Sources */,
				D5D6BBBB187C4818F8B707F3 /* StoreKitManager.swift in Sources */,
				18C849DDCF373F6AA0FA0523 /* SwipeDrawerView.swift in Sources */,
				02DFB7B873CC129457E7BD52 /* TeamHalfView.swift in Sources */,
				EA40BF3415E83BB90D8EDCE8 /* TeamNameEditSheet.swift in Sources */,
				ACBA7781ADF6644614A263BB /* ThemeSwatch.swift in Sources */,
				EDB660B3A6A8F48DE627B84D /* TimerManager.swift in Sources */,
				E009BB02FD7D369DEAE45ADF /* UndoToastView.swift in Sources */,
			);
			runOnlyForDeploymentPostprocessing = 0;
		};
/* End PBXSourcesBuildPhase section */

/* Begin PBXTargetDependency section */
		63A418ACBD09658A5401D4C6 /* PBXTargetDependency */ = {
			isa = PBXTargetDependency;
			target = 888530F20E9841158E86D593 /* ScoreKeep */;
			targetProxy = 92D1C85D84C8485B059CE566 /* PBXContainerItemProxy */;
		};
/* End PBXTargetDependency section */

/* Begin XCBuildConfiguration section */
		44B2E0125BFBFDEC313B70B9 /* Release */ = {
			isa = XCBuildConfiguration;
			buildSettings = {
				ALWAYS_SEARCH_USER_PATHS = NO;
				CLANG_ANALYZER_NONNULL = YES;
				CLANG_ANALYZER_NUMBER_OBJECT_CONVERSION = YES_AGGRESSIVE;
				CLANG_CXX_LANGUAGE_STANDARD = "gnu++14";
				CLANG_CXX_LIBRARY = "libc++";
				CLANG_ENABLE_MODULES = YES;
				CLANG_ENABLE_OBJC_ARC = YES;
				CLANG_ENABLE_OBJC_WEAK = YES;
				CLANG_WARN_BLOCK_CAPTURE_AUTORELEASING = YES;
				CLANG_WARN_BOOL_CONVERSION = YES;
				CLANG_WARN_COMMA = YES;
				CLANG_WARN_CONSTANT_CONVERSION = YES;
				CLANG_WARN_DEPRECATED_OBJC_IMPLEMENTATIONS = YES;
				CLANG_WARN_DIRECT_OBJC_ISA_USAGE = YES_ERROR;
				CLANG_WARN_DOCUMENTATION_COMMENTS = YES;
				CLANG_WARN_EMPTY_BODY = YES;
				CLANG_WARN_ENUM_CONVERSION = YES;
				CLANG_WARN_INFINITE_RECURSION = YES;
				CLANG_WARN_INT_CONVERSION = YES;
				CLANG_WARN_NON_LITERAL_NULL_CONVERSION = YES;
				CLANG_WARN_OBJC_IMPLICIT_RETAIN_SELF = YES;
				CLANG_WARN_OBJC_LITERAL_CONVERSION = YES;
				CLANG_WARN_OBJC_ROOT_CLASS = YES_ERROR;
				CLANG_WARN_QUOTED_INCLUDE_IN_FRAMEWORK_HEADER = YES;
				CLANG_WARN_RANGE_LOOP_ANALYSIS = YES;
				CLANG_WARN_STRICT_PROTOTYPES = YES;
				CLANG_WARN_SUSPICIOUS_MOVE = YES;
				CLANG_WARN_UNGUARDED_AVAILABILITY = YES_AGGRESSIVE;
				CLANG_WARN_UNREACHABLE_CODE = YES;
				CLANG_WARN__DUPLICATE_METHOD_MATCH = YES;
				COPY_PHASE_STRIP = NO;
				DEBUG_INFORMATION_FORMAT = "dwarf-with-dsym";
				ENABLE_NS_ASSERTIONS = NO;
				ENABLE_STRICT_OBJC_MSGSEND = YES;
				GCC_C_LANGUAGE_STANDARD = gnu11;
				GCC_NO_COMMON_BLOCKS = YES;
				GCC_WARN_64_TO_32_BIT_CONVERSION = YES;
				GCC_WARN_ABOUT_RETURN_TYPE = YES_ERROR;
				GCC_WARN_UNDECLARED_SELECTOR = YES;
				GCC_WARN_UNINITIALIZED_AUTOS = YES_AGGRESSIVE;
				GCC_WARN_UNUSED_FUNCTION = YES;
				GCC_WARN_UNUSED_VARIABLE = YES;
				INFOPLIST_KEY_UIRequiresFullScreen = YES;
				INFOPLIST_KEY_UIStatusBarHidden = YES;
				IPHONEOS_DEPLOYMENT_TARGET = 17.0;
				MTL_ENABLE_DEBUG_INFO = NO;
				MTL_FAST_MATH = YES;
				PRODUCT_NAME = "$(TARGET_NAME)";
				SDKROOT = iphoneos;
				SUPPORTS_MAC_DESIGNED_FOR_IPHONE_IPAD = NO;
				SWIFT_COMPILATION_MODE = wholemodule;
				SWIFT_OPTIMIZATION_LEVEL = "-O";
				SWIFT_VERSION = 5.9;
				TARGETED_DEVICE_FAMILY = 1;
			};
			name = Release;
		};
		5F966446B6671F06D3413AF3 /* Release */ = {
			isa = XCBuildConfiguration;
			buildSettings = {
				BUNDLE_LOADER = "$(TEST_HOST)";
				GENERATE_INFOPLIST_FILE = YES;
				IPHONEOS_DEPLOYMENT_TARGET = 17.0;
				LD_RUNPATH_SEARCH_PATHS = (
					"$(inherited)",
					"@executable_path/Frameworks",
					"@loader_path/Frameworks",
				);
				PRODUCT_BUNDLE_IDENTIFIER = com.scorekeep.tests;
				SDKROOT = iphoneos;
				TARGETED_DEVICE_FAMILY = "1,2";
				TEST_HOST = "$(BUILT_PRODUCTS_DIR)/ScoreKeep.app/ScoreKeep";
			};
			name = Release;
		};
		97515849B26F8023498AAEB9 /* Release */ = {
			isa = XCBuildConfiguration;
			buildSettings = {
				ASSETCATALOG_COMPILER_APPICON_NAME = AppIcon;
				ASSETCATALOG_COMPILER_GLOBAL_ACCENT_COLOR_NAME = AccentColor;
				CODE_SIGN_IDENTITY = "iPhone Developer";
				CODE_SIGN_STYLE = Automatic;
				INFOPLIST_FILE = ScoreKeep/Info.plist;
				INFOPLIST_KEY_UIRequiresFullScreen = YES;
				INFOPLIST_KEY_UIStatusBarHidden = YES;
				INFOPLIST_KEY_UISupportedInterfaceOrientations_iPhone = "UIInterfaceOrientationPortrait\nUIInterfaceOrientationLandscapeLeft\nUIInterfaceOrientationLandscapeRight\n";
				IPHONEOS_DEPLOYMENT_TARGET = 17.0;
				LD_RUNPATH_SEARCH_PATHS = (
					"$(inherited)",
					"@executable_path/Frameworks",
				);
				PRODUCT_BUNDLE_IDENTIFIER = com.scorekeep.app;
				SDKROOT = iphoneos;
				TARGETED_DEVICE_FAMILY = "1,2";
			};
			name = Release;
		};
		B249C025CD6C334689F8A651 /* Debug */ = {
			isa = XCBuildConfiguration;
			buildSettings = {
				BUNDLE_LOADER = "$(TEST_HOST)";
				GENERATE_INFOPLIST_FILE = YES;
				IPHONEOS_DEPLOYMENT_TARGET = 17.0;
				LD_RUNPATH_SEARCH_PATHS = (
					"$(inherited)",
					"@executable_path/Frameworks",
					"@loader_path/Frameworks",
				);
				PRODUCT_BUNDLE_IDENTIFIER = com.scorekeep.tests;
				SDKROOT = iphoneos;
				TARGETED_DEVICE_FAMILY = "1,2";
				TEST_HOST = "$(BUILT_PRODUCTS_DIR)/ScoreKeep.app/ScoreKeep";
			};
			name = Debug;
		};
		D4D021B46E5EB88033C88284 /* Debug */ = {
			isa = XCBuildConfiguration;
			buildSettings = {
				ALWAYS_SEARCH_USER_PATHS = NO;
				CLANG_ANALYZER_NONNULL = YES;
				CLANG_ANALYZER_NUMBER_OBJECT_CONVERSION = YES_AGGRESSIVE;
				CLANG_CXX_LANGUAGE_STANDARD = "gnu++14";
				CLANG_CXX_LIBRARY = "libc++";
				CLANG_ENABLE_MODULES = YES;
				CLANG_ENABLE_OBJC_ARC = YES;
				CLANG_ENABLE_OBJC_WEAK = YES;
				CLANG_WARN_BLOCK_CAPTURE_AUTORELEASING = YES;
				CLANG_WARN_BOOL_CONVERSION = YES;
				CLANG_WARN_COMMA = YES;
				CLANG_WARN_CONSTANT_CONVERSION = YES;
				CLANG_WARN_DEPRECATED_OBJC_IMPLEMENTATIONS = YES;
				CLANG_WARN_DIRECT_OBJC_ISA_USAGE = YES_ERROR;
				CLANG_WARN_DOCUMENTATION_COMMENTS = YES;
				CLANG_WARN_EMPTY_BODY = YES;
				CLANG_WARN_ENUM_CONVERSION = YES;
				CLANG_WARN_INFINITE_RECURSION = YES;
				CLANG_WARN_INT_CONVERSION = YES;
				CLANG_WARN_NON_LITERAL_NULL_CONVERSION = YES;
				CLANG_WARN_OBJC_IMPLICIT_RETAIN_SELF = YES;
				CLANG_WARN_OBJC_LITERAL_CONVERSION = YES;
				CLANG_WARN_OBJC_ROOT_CLASS = YES_ERROR;
				CLANG_WARN_QUOTED_INCLUDE_IN_FRAMEWORK_HEADER = YES;
				CLANG_WARN_RANGE_LOOP_ANALYSIS = YES;
				CLANG_WARN_STRICT_PROTOTYPES = YES;
				CLANG_WARN_SUSPICIOUS_MOVE = YES;
				CLANG_WARN_UNGUARDED_AVAILABILITY = YES_AGGRESSIVE;
				CLANG_WARN_UNREACHABLE_CODE = YES;
				CLANG_WARN__DUPLICATE_METHOD_MATCH = YES;
				COPY_PHASE_STRIP = NO;
				DEBUG_INFORMATION_FORMAT = dwarf;
				ENABLE_STRICT_OBJC_MSGSEND = YES;
				ENABLE_TESTABILITY = YES;
				GCC_C_LANGUAGE_STANDARD = gnu11;
				GCC_DYNAMIC_NO_PIC = NO;
				GCC_NO_COMMON_BLOCKS = YES;
				GCC_OPTIMIZATION_LEVEL = 0;
				GCC_PREPROCESSOR_DEFINITIONS = (
					"$(inherited)",
					"DEBUG=1",
				);
				GCC_WARN_64_TO_32_BIT_CONVERSION = YES;
				GCC_WARN_ABOUT_RETURN_TYPE = YES_ERROR;
				GCC_WARN_UNDECLARED_SELECTOR = YES;
				GCC_WARN_UNINITIALIZED_AUTOS = YES_AGGRESSIVE;
				GCC_WARN_UNUSED_FUNCTION = YES;
				GCC_WARN_UNUSED_VARIABLE = YES;
				INFOPLIST_KEY_UIRequiresFullScreen = YES;
				INFOPLIST_KEY_UIStatusBarHidden = YES;
				IPHONEOS_DEPLOYMENT_TARGET = 17.0;
				MTL_ENABLE_DEBUG_INFO = INCLUDE_SOURCE;
				MTL_FAST_MATH = YES;
				ONLY_ACTIVE_ARCH = YES;
				PRODUCT_NAME = "$(TARGET_NAME)";
				SDKROOT = iphoneos;
				SUPPORTS_MAC_DESIGNED_FOR_IPHONE_IPAD = NO;
				SWIFT_ACTIVE_COMPILATION_CONDITIONS = DEBUG;
				SWIFT_OPTIMIZATION_LEVEL = "-Onone";
				SWIFT_VERSION = 5.9;
				TARGETED_DEVICE_FAMILY = 1;
			};
			name = Debug;
		};
		DC3CB1CB4AC693FB6ACEF6BA /* Debug */ = {
			isa = XCBuildConfiguration;
			buildSettings = {
				ASSETCATALOG_COMPILER_APPICON_NAME = AppIcon;
				ASSETCATALOG_COMPILER_GLOBAL_ACCENT_COLOR_NAME = AccentColor;
				CODE_SIGN_IDENTITY = "iPhone Developer";
				CODE_SIGN_STYLE = Automatic;
				INFOPLIST_FILE = ScoreKeep/Info.plist;
				INFOPLIST_KEY_UIRequiresFullScreen = YES;
				INFOPLIST_KEY_UIStatusBarHidden = YES;
				INFOPLIST_KEY_UISupportedInterfaceOrientations_iPhone = "UIInterfaceOrientationPortrait\nUIInterfaceOrientationLandscapeLeft\nUIInterfaceOrientationLandscapeRight\n";
				IPHONEOS_DEPLOYMENT_TARGET = 17.0;
				LD_RUNPATH_SEARCH_PATHS = (
					"$(inherited)",
					"@executable_path/Frameworks",
				);
				PRODUCT_BUNDLE_IDENTIFIER = com.scorekeep.app;
				SDKROOT = iphoneos;
				TARGETED_DEVICE_FAMILY = "1,2";
			};
			name = Debug;
		};
/* End XCBuildConfiguration section */

/* Begin XCConfigurationList section */
		BEC918901CC985D2561AD60A /* Build configuration list for PBXNativeTarget "ScoreKeep" */ = {
			isa = XCConfigurationList;
			buildConfigurations = (
				DC3CB1CB4AC693FB6ACEF6BA /* Debug */,
				97515849B26F8023498AAEB9 /* Release */,
			);
			defaultConfigurationIsVisible = 0;
			defaultConfigurationName = Debug;
		};
		D60BDE6D6EE4D2C80AC96AFE /* Build configuration list for PBXNativeTarget "ScoreKeepTests" */ = {
			isa = XCConfigurationList;
			buildConfigurations = (
				B249C025CD6C334689F8A651 /* Debug */,
				5F966446B6671F06D3413AF3 /* Release */,
			);
			defaultConfigurationIsVisible = 0;
			defaultConfigurationName = Debug;
		};
		E9124FD794AFAA2BCEAAE3E4 /* Build configuration list for PBXProject "ScoreKeep" */ = {
			isa = XCConfigurationList;
			buildConfigurations = (
				D4D021B46E5EB88033C88284 /* Debug */,
				44B2E0125BFBFDEC313B70B9 /* Release */,
			);
			defaultConfigurationIsVisible = 0;
			defaultConfigurationName = Debug;
		};
/* End XCConfigurationList section */

/* Begin XCRemoteSwiftPackageReference section */
		D91D8118C3F60F72E652B0C5 /* XCRemoteSwiftPackageReference "swift-package-manager-google-mobile-ads" */ = {
			isa = XCRemoteSwiftPackageReference;
			repositoryURL = "https://github.com/googleads/swift-package-manager-google-mobile-ads.git";
			requirement = {
				kind = upToNextMinorVersion;
				minimumVersion = 13.1.0;
			};
		};
/* End XCRemoteSwiftPackageReference section */

/* Begin XCSwiftPackageProductDependency section */
		37535EDC79F4B4CD8687D46B /* GoogleMobileAds */ = {
			isa = XCSwiftPackageProductDependency;
			package = D91D8118C3F60F72E652B0C5 /* XCRemoteSwiftPackageReference "swift-package-manager-google-mobile-ads" */;
			productName = GoogleMobileAds;
		};
/* End XCSwiftPackageProductDependency section */
	};
	rootObject = BAAB4C907EA7D639A0BFA644 /* Project object */;
}
